
Microsoft Visual Studio Solution File, Format Version 12.00
Project("{FAE04EC0-301F-11D3-BF4B-00C04F79EFBC}") = "HardwareLib", "HardwareLib\HardwareLib.csproj", "{5C13A9A9-F031-434C-A772-DF1E4E4532DE}"
EndProject
Project("{FAE04EC0-301F-11D3-BF4B-00C04F79EFBC}") = "HardwareTest", "..\HardwareTest\HardwareTest\HardwareTest.csproj", "{3BAB70AE-4936-476B-88FD-5E6F35B470A5}"
EndProject
Global
	GlobalSection(SolutionConfigurationPlatforms) = preSolution
		Debug|Any CPU = Debug|Any CPU
		Release|Any CPU = Release|Any CPU
	EndGlobalSection
	GlobalSection(ProjectConfigurationPlatforms) = postSolution
		{5C13A9A9-F031-434C-A772-DF1E4E4532DE}.Debug|Any CPU.ActiveCfg = Debug|Any CPU
		{5C13A9A9-F031-434C-A772-DF1E4E4532DE}.Debug|Any CPU.Build.0 = Debug|Any CPU
		{5C13A9A9-F031-434C-A772-DF1E4E4532DE}.Release|Any CPU.ActiveCfg = Debug|Any CPU
		{5C13A9A9-F031-434C-A772-DF1E4E4532DE}.Release|Any CPU.Build.0 = Debug|Any CPU
		{3BAB70AE-4936-476B-88FD-5E6F35B470A5}.Debug|Any CPU.ActiveCfg = Debug|Any CPU
		{3BAB70AE-4936-476B-88FD-5E6F35B470A5}.Debug|Any CPU.Build.0 = Debug|Any CPU
		{3BAB70AE-4936-476B-88FD-5E6F35B470A5}.Release|Any CPU.ActiveCfg = Release|Any CPU
		{3BAB70AE-4936-476B-88FD-5E6F35B470A5}.Release|Any CPU.Build.0 = Release|Any CPU
	EndGlobalSection
EndGlobal
